
Microsoft Visual Studio Solution File, Format Version 12.00
# Visual Studio Version 16
VisualStudioVersion = 16.0.30204.135
MinimumVisualStudioVersion = 10.0.40219.1
Project("{FAE04EC0-301F-11D3-BF4B-00C04F79EFBC}") = "HW_07.Task2", "HW_07.Task2.csproj", "{49D6805C-9561-4819-BFC0-94CA0982D50B}"
EndProject
Global
	GlobalSection(SolutionConfigurationPlatforms) = preSolution
		Debug|Any CPU = Debug|Any CPU
		Release|Any CPU = Release|Any CPU
	EndGlobalSection
	GlobalSection(ProjectConfigurationPlatforms) = postSolution
		{49D6805C-9561-4819-BFC0-94CA0982D50B}.Debug|Any CPU.ActiveCfg = Debug|Any CPU
		{49D6805C-9561-4819-BFC0-94CA0982D50B}.Debug|Any CPU.Build.0 = Debug|Any CPU
		{49D6805C-9561-4819-BFC0-94CA0982D50B}.Release|Any CPU.ActiveCfg = Release|Any CPU
		{49D6805C-9561-4819-BFC0-94CA0982D50B}.Release|Any CPU.Build.0 = Release|Any CPU
	EndGlobalSection
	GlobalSection(SolutionProperties) = preSolution
		HideSolutionNode = FALSE
	EndGlobalSection
	GlobalSection(ExtensibilityGlobals) = postSolution
		SolutionGuid = {1C5D8AA5-11C0-47C9-A688-B1113B651E49}
	EndGlobalSection
EndGlobal
